
Microsoft Visual Studio Solution File, Format Version 12.00
# Visual Studio Version 17
VisualStudioVersion = 17.3.32811.315
MinimumVisualStudioVersion = 10.0.40219.1
Project("{FAE04EC0-301F-11D3-BF4B-00C04F79EFBC}") = "Twijre.API", "Tawijre.API\Twijre.API.csproj", "{D1B2E989-82D3-4D9B-9612-60D14D566A0B}"
EndProject
Project("{FAE04EC0-301F-11D3-BF4B-00C04F79EFBC}") = "Twijre.Core", "Twijre.Core\Twijre.Core.csproj", "{A20F0898-432A-4170-9D60-840E712CF8ED}"
EndProject
Project("{FAE04EC0-301F-11D3-BF4B-00C04F79EFBC}") = "Twijre.EF", "Twijre.EF\Twijre.EF.csproj", "{EE902B3E-A1D9-4977-85CF-B466B299E4E3}"
EndProject
Global
	GlobalSection(SolutionConfigurationPlatforms) = preSolution
		Debug|Any CPU = Debug|Any CPU
		Release|Any CPU = Release|Any CPU
	EndGlobalSection
	GlobalSection(ProjectConfigurationPlatforms) = postSolution
		{D1B2E989-82D3-4D9B-9612-60D14D566A0B}.Debug|Any CPU.ActiveCfg = Debug|Any CPU
		{D1B2E989-82D3-4D9B-9612-60D14D566A0B}.Debug|Any CPU.Build.0 = Debug|Any CPU
		{D1B2E989-82D3-4D9B-9612-60D14D566A0B}.Release|Any CPU.ActiveCfg = Release|Any CPU
		{D1B2E989-82D3-4D9B-9612-60D14D566A0B}.Release|Any CPU.Build.0 = Release|Any CPU
		{A20F0898-432A-4170-9D60-840E712CF8ED}.Debug|Any CPU.ActiveCfg = Debug|Any CPU
		{A20F0898-432A-4170-9D60-840E712CF8ED}.Debug|Any CPU.Build.0 = Debug|Any CPU
		{A20F0898-432A-4170-9D60-840E712CF8ED}.Release|Any CPU.ActiveCfg = Release|Any CPU
		{A20F0898-432A-4170-9D60-840E712CF8ED}.Release|Any CPU.Build.0 = Release|Any CPU
		{EE902B3E-A1D9-4977-85CF-B466B299E4E3}.Debug|Any CPU.ActiveCfg = Debug|Any CPU
		{EE902B3E-A1D9-4977-85CF-B466B299E4E3}.Debug|Any CPU.Build.0 = Debug|Any CPU
		{EE902B3E-A1D9-4977-85CF-B466B299E4E3}.Release|Any CPU.ActiveCfg = Release|Any CPU
		{EE902B3E-A1D9-4977-85CF-B466B299E4E3}.Release|Any CPU.Build.0 = Release|Any CPU
	EndGlobalSection
	GlobalSection(SolutionProperties) = preSolution
		HideSolutionNode = FALSE
	EndGlobalSection
	GlobalSection(ExtensibilityGlobals) = postSolution
		SolutionGuid = {F76D7958-9F47-48E1-9120-EEA56EA6FDDE}
	EndGlobalSection
EndGlobal
